// !$*UTF8*$!
{
	archiveVersion = 1;
	classes = {
	};
	objectVersion = 56;
	objects = {

/* Begin PBXBuildFile section */
		78BF3FBD2C82E898004575C7 /* Words.swift in Sources */ = {isa = PBXBuildFile; fileRef = 78BF3FBC2C82E898004575C7 /* Words.swift */; };
		78BF3FBF2C82E8FF004575C7 /* Level.swift in Sources */ = {isa = PBXBuildFile; fileRef = 78BF3FBE2C82E8FF004575C7 /* Level.swift */; };
		78BF3FC12C82F151004575C7 /* MenuView.swift in Sources */ = {isa = PBXBuildFile; fileRef = 78BF3FC02C82F151004575C7 /* MenuView.swift */; };
		78C113312C874787004E010D /* ButtonMenuView.swift in Sources */ = {isa = PBXBuildFile; fileRef = 78C113302C874787004E010D /* ButtonMenuView.swift */; };
		78DD5CCA2C7D65D80067991B /* WordleAppApp.swift in Sources */ = {isa = PBXBuildFile; fileRef = 78DD5CC92C7D65D80067991B /* WordleAppApp.swift */; };
		78DD5CCC2C7D65D80067991B /* ContentView.swift in Sources */ = {isa = PBXBuildFile; fileRef = 78DD5CCB2C7D65D80067991B /* ContentView.swift */; };
		78DD5CCE2C7D65DA0067991B /* Assets.xcassets in Resources */ = {isa = PBXBuildFile; fileRef = 78DD5CCD2C7D65DA0067991B /* Assets.xcassets */; };
		78DD5CD12C7D65DA0067991B /* Preview Assets.xcassets in Resources */ = {isa = PBXBuildFile; fileRef = 78DD5CD02C7D65DA0067991B /* Preview Assets.xcassets */; };
		78DD5CDC2C7D66740067991B /* GameBoardView.swift in Sources */ = {isa = PBXBuildFile; fileRef = 78DD5CDB2C7D66740067991B /* GameBoardView.swift */; };
		78DD5CDE2C7D67510067991B /* LetterButtonView.swift in Sources */ = {isa = PBXBuildFile; fileRef = 78DD5CDD2C7D67510067991B /* LetterButtonView.swift */; };
		78DD5CE02C7DD0510067991B /* GameBoardModel.swift in Sources */ = {isa = PBXBuildFile; fileRef = 78DD5CDF2C7DD0510067991B /* GameBoardModel.swift */; };
		78DD5CE22C7DD1740067991B /* KeyboardView.swift in Sources */ = {isa = PBXBuildFile; fileRef = 78DD5CE12C7DD1740067991B /* KeyboardView.swift */; };
		78DD5CE42C7DD39D0067991B /* WordBoardView.swift in Sources */ = {isa = PBXBuildFile; fileRef = 78DD5CE32C7DD39D0067991B /* WordBoardView.swift */; };
		78DD5CE62C7DD4220067991B /* LetterView.swift in Sources */ = {isa = PBXBuildFile; fileRef = 78DD5CE52C7DD4220067991B /* LetterView.swift */; };
		78DD5CE82C7DF1630067991B /* Letter.swift in Sources */ = {isa = PBXBuildFile; fileRef = 78DD5CE72C7DF1630067991B /* Letter.swift */; };
/* End PBXBuildFile section */

/* Begin PBXFileReference section */
		78BF3FBC2C82E898004575C7 /* Words.swift */ = {isa = PBXFileReference; lastKnownFileType = sourcecode.swift; path = Words.swift; sourceTree = "<group>"; };
		78BF3FBE2C82E8FF004575C7 /* Level.swift */ = {isa = PBXFileReference; lastKnownFileType = sourcecode.swift; path = Level.swift; sourceTree = "<group>"; };
		78BF3FC02C82F151004575C7 /* MenuView.swift */ = {isa = PBXFileReference; lastKnownFileType = sourcecode.swift; path = MenuView.swift; sourceTree = "<group>"; };
		78C113302C874787004E010D /* ButtonMenuView.swift */ = {isa = PBXFileReference; lastKnownFileType = sourcecode.swift; path = ButtonMenuView.swift; sourceTree = "<group>"; };
		78DD5CC62C7D65D80067991B /* WordleApp.app */ = {isa = PBXFileReference; explicitFileType = wrapper.application; includeInIndex = 0; path = WordleApp.app; sourceTree = BUILT_PRODUCTS_DIR; };
		78DD5CC92C7D65D80067991B /* WordleAppApp.swift */ = {isa = PBXFileReference; lastKnownFileType = sourcecode.swift; path = WordleAppApp.swift; sourceTree = "<group>"; };
		78DD5CCB2C7D65D80067991B /* ContentView.swift */ = {isa = PBXFileReference; lastKnownFileType = sourcecode.swift; path = ContentView.swift; sourceTree = "<group>"; };
		78DD5CCD2C7D65DA0067991B /* Assets.xcassets */ = {isa = PBXFileReference; lastKnownFileType = folder.assetcatalog; path = Assets.xcassets; sourceTree = "<group>"; };
		78DD5CD02C7D65DA0067991B /* Preview Assets.xcassets */ = {isa = PBXFileReference; lastKnownFileType = folder.assetcatalog; path = "Preview Assets.xcassets"; sourceTree = "<group>"; };
		78DD5CDB2C7D66740067991B /* GameBoardView.swift */ = {isa = PBXFileReference; lastKnownFileType = sourcecode.swift; path = GameBoardView.swift; sourceTree = "<group>"; };
		78DD5CDD2C7D67510067991B /* LetterButtonView.swift */ = {isa = PBXFileReference; lastKnownFileType = sourcecode.swift; path = LetterButtonView.swift; sourceTree = "<group>"; };
		78DD5CDF2C7DD0510067991B /* GameBoardModel.swift */ = {isa = PBXFileReference; lastKnownFileType = sourcecode.swift; path = GameBoardModel.swift; sourceTree = "<group>"; };
		78DD5CE12C7DD1740067991B /* KeyboardView.swift */ = {isa = PBXFileReference; lastKnownFileType = sourcecode.swift; path = KeyboardView.swift; sourceTree = "<group>"; };
		78DD5CE32C7DD39D0067991B /* WordBoardView.swift */ = {isa = PBXFileReference; lastKnownFileType = sourcecode.swift; path = WordBoardView.swift; sourceTree = "<group>"; };
		78DD5CE52C7DD4220067991B /* LetterView.swift */ = {isa = PBXFileReference; lastKnownFileType = sourcecode.swift; path = LetterView.swift; sourceTree = "<group>"; };
		78DD5CE72C7DF1630067991B /* Letter.swift */ = {isa = PBXFileReference; lastKnownFileType = sourcecode.swift; path = Letter.swift; sourceTree = "<group>"; };
/* End PBXFileReference section */

/* Begin PBXFrameworksBuildPhase section */
		78DD5CC32C7D65D80067991B /* Frameworks */ = {
			isa = PBXFrameworksBuildPhase;
			buildActionMask = 2147483647;
			files = (
			);
			runOnlyForDeploymentPostprocessing = 0;
		};
/* End PBXFrameworksBuildPhase section */

/* Begin PBXGroup section */
		78DD5CBD2C7D65D80067991B = {
			isa = PBXGroup;
			children = (
				78DD5CC82C7D65D80067991B /* WordleApp */,
				78DD5CC72C7D65D80067991B /* Products */,
			);
			sourceTree = "<group>";
		};
		78DD5CC72C7D65D80067991B /* Products */ = {
			isa = PBXGroup;
			children = (
				78DD5CC62C7D65D80067991B /* WordleApp.app */,
			);
			name = Products;
			sourceTree = "<group>";
		};
		78DD5CC82C7D65D80067991B /* WordleApp */ = {
			isa = PBXGroup;
			children = (
				78DD5CD92C7D66480067991B /* ModelView */,
				78DD5CD82C7D66420067991B /* Model */,
				78DD5CD72C7D66360067991B /* VIew */,
				78DD5CCD2C7D65DA0067991B /* Assets.xcassets */,
				78DD5CCF2C7D65DA0067991B /* Preview Content */,
			);
			path = WordleApp;
			sourceTree = "<group>";
		};
		78DD5CCF2C7D65DA0067991B /* Preview Content */ = {
			isa = PBXGroup;
			children = (
				78DD5CD02C7D65DA0067991B /* Preview Assets.xcassets */,
			);
			path = "Preview Content";
			sourceTree = "<group>";
		};
		78DD5CD72C7D66360067991B /* VIew */ = {
			isa = PBXGroup;
			children = (
				78DD5CC92C7D65D80067991B /* WordleAppApp.swift */,
				78DD5CCB2C7D65D80067991B /* ContentView.swift */,
				78DD5CDB2C7D66740067991B /* GameBoardView.swift */,
				78DD5CDD2C7D67510067991B /* LetterButtonView.swift */,
				78DD5CE12C7DD1740067991B /* KeyboardView.swift */,
				78DD5CE32C7DD39D0067991B /* WordBoardView.swift */,
				78DD5CE52C7DD4220067991B /* LetterView.swift */,
				78BF3FC02C82F151004575C7 /* MenuView.swift */,
				78C113302C874787004E010D /* ButtonMenuView.swift */,
			);
			path = VIew;
			sourceTree = "<group>";
		};
		78DD5CD82C7D66420067991B /* Model */ = {
			isa = PBXGroup;
			children = (
				78DD5CE72C7DF1630067991B /* Letter.swift */,
				78BF3FBC2C82E898004575C7 /* Words.swift */,
				78BF3FBE2C82E8FF004575C7 /* Level.swift */,
			);
			path = Model;
			sourceTree = "<group>";
		};
		78DD5CD92C7D66480067991B /* ModelView */ = {
			isa = PBXGroup;
			children = (
				78DD5CDF2C7DD0510067991B /* GameBoardModel.swift */,
			);
			path = ModelView;
			sourceTree = "<group>";
		};
/* End PBXGroup section */

/* Begin PBXNativeTarget section */
		78DD5CC52C7D65D80067991B /* WordleApp */ = {
			isa = PBXNativeTarget;
			buildConfigurationList = 78DD5CD42C7D65DA0067991B /* Build configuration list for PBXNativeTarget "WordleApp" */;
			buildPhases = (
				78DD5CC22C7D65D80067991B /* Sources */,
				78DD5CC32C7D65D80067991B /* Frameworks */,
				78DD5CC42C7D65D80067991B /* Resources */,
			);
			buildRules = (
			);
			dependencies = (
			);
			name = WordleApp;
			productName = WordleApp;
			productReference = 78DD5CC62C7D65D80067991B /* WordleApp.app */;
			productType = "com.apple.product-type.application";
		};
/* End PBXNativeTarget section */

/* Begin PBXProject section */
		78DD5CBE2C7D65D80067991B /* Project object */ = {
			isa = PBXProject;
			attributes = {
				BuildIndependentTargetsInParallel = 1;
				LastSwiftUpdateCheck = 1540;
				LastUpgradeCheck = 1540;
				TargetAttributes = {
					78DD5CC52C7D65D80067991B = {
						CreatedOnToolsVersion = 15.4;
					};
				};
			};
			buildConfigurationList = 78DD5CC12C7D65D80067991B /* Build configuration list for PBXProject "WordleApp" */;
			compatibilityVersion = "Xcode 14.0";
			developmentRegion = en;
			hasScannedForEncodings = 0;
			knownRegions = (
				en,
				Base,
			);
			mainGroup = 78DD5CBD2C7D65D80067991B;
			productRefGroup = 78DD5CC72C7D65D80067991B /* Products */;
			projectDirPath = "";
			projectRoot = "";
			targets = (
				78DD5CC52C7D65D80067991B /* WordleApp */,
			);
		};
/* End PBXProject section */

/* Begin PBXResourcesBuildPhase section */
		78DD5CC42C7D65D80067991B /* Resources */ = {
			isa = PBXResourcesBuildPhase;
			buildActionMask = 2147483647;
			files = (
				78DD5CD12C7D65DA0067991B /* Preview Assets.xcassets in Resources */,
				78DD5CCE2C7D65DA0067991B /* Assets.xcassets in Resources */,
			);
			runOnlyForDeploymentPostprocessing = 0;
		};
/* End PBXResourcesBuildPhase section */

/* Begin PBXSourcesBuildPhase section */
		78DD5CC22C7D65D80067991B /* Sources */ = {
			isa = PBXSourcesBuildPhase;
			buildActionMask = 2147483647;
			files = (
				78DD5CDE2C7D67510067991B /* LetterButtonView.swift in Sources */,
				78BF3FC12C82F151004575C7 /* MenuView.swift in Sources */,
				78BF3FBF2C82E8FF004575C7 /* Level.swift in Sources */,
				78DD5CCC2C7D65D80067991B /* ContentView.swift in Sources */,
				78DD5CE02C7DD0510067991B /* GameBoardModel.swift in Sources */,
				78DD5CE82C7DF1630067991B /* Letter.swift in Sources */,
				78DD5CE42C7DD39D0067991B /* WordBoardView.swift in Sources */,
				78DD5CE22C7DD1740067991B /* KeyboardView.swift in Sources */,
				78DD5CCA2C7D65D80067991B /* WordleAppApp.swift in Sources */,
				78DD5CE62C7DD4220067991B /* LetterView.swift in Sources */,
				78C113312C874787004E010D /* ButtonMenuView.swift in Sources */,
				78DD5CDC2C7D66740067991B /* GameBoardView.swift in Sources */,
				78BF3FBD2C82E898004575C7 /* Words.swift in Sources */,
			);
			runOnlyForDeploymentPostprocessing = 0;
		};
/* End PBXSourcesBuildPhase section */

/* Begin XCBuildConfiguration section */
		78DD5CD22C7D65DA0067991B /* Debug */ = {
			isa = XCBuildConfiguration;
			buildSettings = {
				ALWAYS_SEARCH_USER_PATHS = NO;
				ASSETCATALOG_COMPILER_GENERATE_SWIFT_ASSET_SYMBOL_EXTENSIONS = YES;
				CLANG_ANALYZER_NONNULL = YES;
				CLANG_ANALYZER_NUMBER_OBJECT_CONVERSION = YES_AGGRESSIVE;
				CLANG_CXX_LANGUAGE_STANDARD = "gnu++20";
				CLANG_ENABLE_MODULES = YES;
				CLANG_ENABLE_OBJC_ARC = YES;
				CLANG_ENABLE_OBJC_WEAK = YES;
				CLANG_WARN_BLOCK_CAPTURE_AUTORELEASING = YES;
				CLANG_WARN_BOOL_CONVERSION = YES;
				CLANG_WARN_COMMA = YES;
				CLANG_WARN_CONSTANT_CONVERSION = YES;
				CLANG_WARN_DEPRECATED_OBJC_IMPLEMENTATIONS = YES;
				CLANG_WARN_DIRECT_OBJC_ISA_USAGE = YES_ERROR;
				CLANG_WARN_DOCUMENTATION_COMMENTS = YES;
				CLANG_WARN_EMPTY_BODY = YES;
				CLANG_WARN_ENUM_CONVERSION = YES;
				CLANG_WARN_INFINITE_RECURSION = YES;
				CLANG_WARN_INT_CONVERSION = YES;
				CLANG_WARN_NON_LITERAL_NULL_CONVERSION = YES;
				CLANG_WARN_OBJC_IMPLICIT_RETAIN_SELF = YES;
				CLANG_WARN_OBJC_LITERAL_CONVERSION = YES;
				CLANG_WARN_OBJC_ROOT_CLASS = YES_ERROR;
				CLANG_WARN_QUOTED_INCLUDE_IN_FRAMEWORK_HEADER = YES;
				CLANG_WARN_RANGE_LOOP_ANALYSIS = YES;
				CLANG_WARN_STRICT_PROTOTYPES = YES;
				CLANG_WARN_SUSPICIOUS_MOVE = YES;
				CLANG_WARN_UNGUARDED_AVAILABILITY = YES_AGGRESSIVE;
				CLANG_WARN_UNREACHABLE_CODE = YES;
				CLANG_WARN__DUPLICATE_METHOD_MATCH = YES;
				COPY_PHASE_STRIP = NO;
				DEBUG_INFORMATION_FORMAT = dwarf;
				ENABLE_STRICT_OBJC_MSGSEND = YES;
				ENABLE_TESTABILITY = YES;
				ENABLE_USER_SCRIPT_SANDBOXING = YES;
				GCC_C_LANGUAGE_STANDARD = gnu17;
				GCC_DYNAMIC_NO_PIC = NO;
				GCC_NO_COMMON_BLOCKS = YES;
				GCC_OPTIMIZATION_LEVEL = 0;
				GCC_PREPROCESSOR_DEFINITIONS = (
					"DEBUG=1",
					"$(inherited)",
				);
				GCC_WARN_64_TO_32_BIT_CONVERSION = YES;
				GCC_WARN_ABOUT_RETURN_TYPE = YES_ERROR;
				GCC_WARN_UNDECLARED_SELECTOR = YES;
				GCC_WARN_UNINITIALIZED_AUTOS = YES_AGGRESSIVE;
				GCC_WARN_UNUSED_FUNCTION = YES;
				GCC_WARN_UNUSED_VARIABLE = YES;
				IPHONEOS_DEPLOYMENT_TARGET = 17.5;
				LOCALIZATION_PREFERS_STRING_CATALOGS = YES;
				MTL_ENABLE_DEBUG_INFO = INCLUDE_SOURCE;
				MTL_FAST_MATH = YES;
				ONLY_ACTIVE_ARCH = YES;
				SDKROOT = iphoneos;
				SWIFT_ACTIVE_COMPILATION_CONDITIONS = "DEBUG $(inherited)";
				SWIFT_OPTIMIZATION_LEVEL = "-Onone";
			};
			name = Debug;
		};
		78DD5CD32C7D65DA0067991B /* Release */ = {
			isa = XCBuildConfiguration;
			buildSettings = {
				ALWAYS_SEARCH_USER_PATHS = NO;
				ASSETCATALOG_COMPILER_GENERATE_SWIFT_ASSET_SYMBOL_EXTENSIONS = YES;
				CLANG_ANALYZER_NONNULL = YES;
				CLANG_ANALYZER_NUMBER_OBJECT_CONVERSION = YES_AGGRESSIVE;
				CLANG_CXX_LANGUAGE_STANDARD = "gnu++20";
				CLANG_ENABLE_MODULES = YES;
				CLANG_ENABLE_OBJC_ARC = YES;
				CLANG_ENABLE_OBJC_WEAK = YES;
				CLANG_WARN_BLOCK_CAPTURE_AUTORELEASING = YES;
				CLANG_WARN_BOOL_CONVERSION = YES;
				CLANG_WARN_COMMA = YES;
				CLANG_WARN_CONSTANT_CONVERSION = YES;
				CLANG_WARN_DEPRECATED_OBJC_IMPLEMENTATIONS = YES;
				CLANG_WARN_DIRECT_OBJC_ISA_USAGE = YES_ERROR;
				CLANG_WARN_DOCUMENTATION_COMMENTS = YES;
				CLANG_WARN_EMPTY_BODY = YES;
				CLANG_WARN_ENUM_CONVERSION = YES;
				CLANG_WARN_INFINITE_RECURSION = YES;
				CLANG_WARN_INT_CONVERSION = YES;
				CLANG_WARN_NON_LITERAL_NULL_CONVERSION = YES;
				CLANG_WARN_OBJC_IMPLICIT_RETAIN_SELF = YES;
				CLANG_WARN_OBJC_LITERAL_CONVERSION = YES;
				CLANG_WARN_OBJC_ROOT_CLASS = YES_ERROR;
				CLANG_WARN_QUOTED_INCLUDE_IN_FRAMEWORK_HEADER = YES;
				CLANG_WARN_RANGE_LOOP_ANALYSIS = YES;
				CLANG_WARN_STRICT_PROTOTYPES = YES;
				CLANG_WARN_SUSPICIOUS_MOVE = YES;
				CLANG_WARN_UNGUARDED_AVAILABILITY = YES_AGGRESSIVE;
				CLANG_WARN_UNREACHABLE_CODE = YES;
				CLANG_WARN__DUPLICATE_METHOD_MATCH = YES;
				COPY_PHASE_STRIP = NO;
				DEBUG_INFORMATION_FORMAT = "dwarf-with-dsym";
				ENABLE_NS_ASSERTIONS = NO;
				ENABLE_STRICT_OBJC_MSGSEND = YES;
				ENABLE_USER_SCRIPT_SANDBOXING = YES;
				GCC_C_LANGUAGE_STANDARD = gnu17;
				GCC_NO_COMMON_BLOCKS = YES;
				GCC_WARN_64_TO_32_BIT_CONVERSION = YES;
				GCC_WARN_ABOUT_RETURN_TYPE = YES_ERROR;
				GCC_WARN_UNDECLARED_SELECTOR = YES;
				GCC_WARN_UNINITIALIZED_AUTOS = YES_AGGRESSIVE;
				GCC_WARN_UNUSED_FUNCTION = YES;
				GCC_WARN_UNUSED_VARIABLE = YES;
				IPHONEOS_DEPLOYMENT_TARGET = 17.5;
				LOCALIZATION_PREFERS_STRING_CATALOGS = YES;
				MTL_ENABLE_DEBUG_INFO = NO;
				MTL_FAST_MATH = YES;
				SDKROOT = iphoneos;
				SWIFT_COMPILATION_MODE = wholemodule;
				VALIDATE_PRODUCT = YES;
			};
			name = Release;
		};
		78DD5CD52C7D65DA0067991B /* Debug */ = {
			isa = XCBuildConfiguration;
			buildSettings = {
				ASSETCATALOG_COMPILER_APPICON_NAME = AppIcon;
				ASSETCATALOG_COMPILER_GLOBAL_ACCENT_COLOR_NAME = AccentColor;
				CODE_SIGN_STYLE = Automatic;
				CURRENT_PROJECT_VERSION = 1;
				DEVELOPMENT_ASSET_PATHS = "\"WordleApp/Preview Content\"";
				DEVELOPMENT_TEAM = 649X9UT2AK;
				ENABLE_PREVIEWS = YES;
				GENERATE_INFOPLIST_FILE = YES;
				INFOPLIST_KEY_UIApplicationSceneManifest_Generation = YES;
				INFOPLIST_KEY_UIApplicationSupportsIndirectInputEvents = YES;
				INFOPLIST_KEY_UILaunchScreen_Generation = YES;
				INFOPLIST_KEY_UISupportedInterfaceOrientations_iPad = "UIInterfaceOrientationPortrait UIInterfaceOrientationPortraitUpsideDown UIInterfaceOrientationLandscapeLeft UIInterfaceOrientationLandscapeRight";
				INFOPLIST_KEY_UISupportedInterfaceOrientations_iPhone = "UIInterfaceOrientationPortrait UIInterfaceOrientationLandscapeLeft UIInterfaceOrientationLandscapeRight";
				LD_RUNPATH_SEARCH_PATHS = (
					"$(inherited)",
					"@executable_path/Frameworks",
				);
				MARKETING_VERSION = 1.0;
				PRODUCT_BUNDLE_IDENTIFIER = anikin02.WordleApp;
				PRODUCT_NAME = "$(TARGET_NAME)";
				SWIFT_EMIT_LOC_STRINGS = YES;
				SWIFT_VERSION = 5.0;
				TARGETED_DEVICE_FAMILY = "1,2";
			};
			name = Debug;
		};
		78DD5CD62C7D65DA0067991B /* Release */ = {
			isa = XCBuildConfiguration;
			buildSettings = {
				ASSETCATALOG_COMPILER_APPICON_NAME = AppIcon;
				ASSETCATALOG_COMPILER_GLOBAL_ACCENT_COLOR_NAME = AccentColor;
				CODE_SIGN_STYLE = Automatic;
				CURRENT_PROJECT_VERSION = 1;
				DEVELOPMENT_ASSET_PATHS = "\"WordleApp/Preview Content\"";
				DEVELOPMENT_TEAM = 649X9UT2AK;
				ENABLE_PREVIEWS = YES;
				GENERATE_INFOPLIST_FILE = YES;
				INFOPLIST_KEY_UIApplicationSceneManifest_Generation = YES;
				INFOPLIST_KEY_UIApplicationSupportsIndirectInputEvents = YES;
				INFOPLIST_KEY_UILaunchScreen_Generation = YES;
				INFOPLIST_KEY_UISupportedInterfaceOrientations_iPad = "UIInterfaceOrientationPortrait UIInterfaceOrientationPortraitUpsideDown UIInterfaceOrientationLandscapeLeft UIInterfaceOrientationLandscapeRight";
				INFOPLIST_KEY_UISupportedInterfaceOrientations_iPhone = "UIInterfaceOrientationPortrait UIInterfaceOrientationLandscapeLeft UIInterfaceOrientationLandscapeRight";
				LD_RUNPATH_SEARCH_PATHS = (
					"$(inherited)",
					"@executable_path/Frameworks",
				);
				MARKETING_VERSION = 1.0;
				PRODUCT_BUNDLE_IDENTIFIER = anikin02.WordleApp;
				PRODUCT_NAME = "$(TARGET_NAME)";
				SWIFT_EMIT_LOC_STRINGS = YES;
				SWIFT_VERSION = 5.0;
				TARGETED_DEVICE_FAMILY = "1,2";
			};
			name = Release;
		};
/* End XCBuildConfiguration section */

/* Begin XCConfigurationList section */
		78DD5CC12C7D65D80067991B /* Build configuration list for PBXProject "WordleApp" */ = {
			isa = XCConfigurationList;
			buildConfigurations = (
				78DD5CD22C7D65DA0067991B /* Debug */,
				78DD5CD32C7D65DA0067991B /* Release */,
			);
			defaultConfigurationIsVisible = 0;
			defaultConfigurationName = Release;
		};
		78DD5CD42C7D65DA0067991B /* Build configuration list for PBXNativeTarget "WordleApp" */ = {
			isa = XCConfigurationList;
			buildConfigurations = (
				78DD5CD52C7D65DA0067991B /* Debug */,
				78DD5CD62C7D65DA0067991B /* Release */,
			);
			defaultConfigurationIsVisible = 0;
			defaultConfigurationName = Release;
		};
/* End XCConfigurationList section */
	};
	rootObject = 78DD5CBE2C7D65D80067991B /* Project object */;
}
